
Microsoft Visual Studio Solution File, Format Version 12.00
# Visual Studio Version 17
VisualStudioVersion = 17.5.002.0
MinimumVisualStudioVersion = 10.0.40219.1
Project("{9A19103F-16F7-4668-BE54-9A1E7A4F7556}") = "sk-chatgpt-azure-function", "azure-function\sk-chatgpt-azure-function.csproj", "{1130F773-712F-4454-878C-610806D1D888}"
EndProject
Project("{9A19103F-16F7-4668-BE54-9A1E7A4F7556}") = "semantic-functions-generator", "semantic-functions-generator\semantic-functions-generator.csproj", "{D73ED250-ECAA-49D4-99E0-E77FD02BD3B0}"
EndProject
Global
	GlobalSection(SolutionConfigurationPlatforms) = preSolution
		Debug|Any CPU = Debug|Any CPU
		Release|Any CPU = Release|Any CPU
	EndGlobalSection
	GlobalSection(ProjectConfigurationPlatforms) = postSolution
		{1130F773-712F-4454-878C-610806D1D888}.Debug|Any CPU.ActiveCfg = Debug|Any CPU
		{1130F773-712F-4454-878C-610806D1D888}.Debug|Any CPU.Build.0 = Debug|Any CPU
		{1130F773-712F-4454-878C-610806D1D888}.Release|Any CPU.ActiveCfg = Release|Any CPU
		{1130F773-712F-4454-878C-610806D1D888}.Release|Any CPU.Build.0 = Release|Any CPU
		{D73ED250-ECAA-49D4-99E0-E77FD02BD3B0}.Debug|Any CPU.ActiveCfg = Debug|Any CPU
		{D73ED250-ECAA-49D4-99E0-E77FD02BD3B0}.Debug|Any CPU.Build.0 = Debug|Any CPU
		{D73ED250-ECAA-49D4-99E0-E77FD02BD3B0}.Release|Any CPU.ActiveCfg = Release|Any CPU
		{D73ED250-ECAA-49D4-99E0-E77FD02BD3B0}.Release|Any CPU.Build.0 = Release|Any CPU
	EndGlobalSection
	GlobalSection(SolutionProperties) = preSolution
		HideSolutionNode = FALSE
	EndGlobalSection
	GlobalSection(ExtensibilityGlobals) = postSolution
		SolutionGuid = {BEE49037-2060-4B5F-994C-F7C1C01D6B09}
	EndGlobalSection
EndGlobal
